<?xml version="1.0" encoding="UTF-8"?>
<CodeBlocks_project_file>
	<FileVersion major="1" minor="6"/>
	<Project>
		<Option title="track_racing"/>
		<Option makefile_is_custom="1"/>
		<Option compiler="gcc"/>
		<Option virtualFolders="CMake Files\;CMake Files\..\;CMake Files\..\..\;CMake Files\..\..\..\;CMake Files\..\..\..\programs\;CMake Files\..\..\..\programs\torch\;CMake Files\..\..\..\programs\torch\libtorch\;CMake Files\..\..\..\programs\torch\libtorch\share\;CMake Files\..\..\..\programs\torch\libtorch\share\cmake\;CMake Files\..\..\..\programs\torch\libtorch\share\cmake\Torch\;CMake Files\..\..\..\programs\torch\libtorch\share\cmake\Caffe2\;CMake Files\..\..\..\programs\torch\libtorch\share\cmake\Caffe2\public\;"/>
		<Build>
			<Target title="all">
				<Option working_dir="/home/eranhe/eran/repo/track_racing"/>
				<Option type="4"/>
				<MakeCommands>
					<Build command="/usr/bin/make -f &quot;/home/eranhe/eran/repo/track_racing/Makefile&quot;  VERBOSE=1 all"/>
					<CompileFile command="/usr/bin/make -f &quot;/home/eranhe/eran/repo/track_racing/Makefile&quot;  VERBOSE=1 &quot;$file&quot;"/>
					<Clean command="/usr/bin/make -f &quot;/home/eranhe/eran/repo/track_racing/Makefile&quot;  VERBOSE=1 clean"/>
					<DistClean command="/usr/bin/make -f &quot;/home/eranhe/eran/repo/track_racing/Makefile&quot;  VERBOSE=1 clean"/>
				</MakeCommands>
			</Target>
			<Target title="rebuild_cache">
				<Option working_dir="/home/eranhe/eran/repo/track_racing"/>
				<Option type="4"/>
				<MakeCommands>
					<Build command="/usr/bin/make -f &quot;/home/eranhe/eran/repo/track_racing/Makefile&quot;  VERBOSE=1 rebuild_cache"/>
					<CompileFile command="/usr/bin/make -f &quot;/home/eranhe/eran/repo/track_racing/Makefile&quot;  VERBOSE=1 &quot;$file&quot;"/>
					<Clean command="/usr/bin/make -f &quot;/home/eranhe/eran/repo/track_racing/Makefile&quot;  VERBOSE=1 clean"/>
					<DistClean command="/usr/bin/make -f &quot;/home/eranhe/eran/repo/track_racing/Makefile&quot;  VERBOSE=1 clean"/>
				</MakeCommands>
			</Target>
			<Target title="track_racing">
				<Option output="/home/eranhe/eran/repo/track_racing/track_racing" prefix_auto="0" extension_auto="0"/>
				<Option working_dir="/home/eranhe/eran/repo/track_racing"/>
				<Option object_output="./"/>
				<Option type="1"/>
				<Option compiler="gcc"/>
				<Compiler>
					<Add option="-DAT_PARALLEL_OPENMP=1"/>
					<Add directory="/home/eranhe/eran/repo/track_racing/."/>
					<Add directory="/home/eranhe/eran/repo/track_racing/headers"/>
					<Add directory="/home/eranhe/eran/repo/track_racing/headers/Policy"/>
					<Add directory="/home/eranhe/programs/torch/libtorch/include"/>
					<Add directory="/home/eranhe/programs/torch/libtorch/include/torch/csrc/api/include"/>
				</Compiler>
				<MakeCommands>
					<Build command="/usr/bin/make -f &quot;/home/eranhe/eran/repo/track_racing/Makefile&quot;  VERBOSE=1 track_racing"/>
					<CompileFile command="/usr/bin/make -f &quot;/home/eranhe/eran/repo/track_racing/Makefile&quot;  VERBOSE=1 &quot;$file&quot;"/>
					<Clean command="/usr/bin/make -f &quot;/home/eranhe/eran/repo/track_racing/Makefile&quot;  VERBOSE=1 clean"/>
					<DistClean command="/usr/bin/make -f &quot;/home/eranhe/eran/repo/track_racing/Makefile&quot;  VERBOSE=1 clean"/>
				</MakeCommands>
			</Target>
			<Target title="track_racing/fast">
				<Option output="/home/eranhe/eran/repo/track_racing/track_racing" prefix_auto="0" extension_auto="0"/>
				<Option working_dir="/home/eranhe/eran/repo/track_racing"/>
				<Option object_output="./"/>
				<Option type="1"/>
				<Option compiler="gcc"/>
				<Compiler>
					<Add option="-DAT_PARALLEL_OPENMP=1"/>
					<Add directory="/home/eranhe/eran/repo/track_racing/."/>
					<Add directory="/home/eranhe/eran/repo/track_racing/headers"/>
					<Add directory="/home/eranhe/eran/repo/track_racing/headers/Policy"/>
					<Add directory="/home/eranhe/programs/torch/libtorch/include"/>
					<Add directory="/home/eranhe/programs/torch/libtorch/include/torch/csrc/api/include"/>
				</Compiler>
				<MakeCommands>
					<Build command="/usr/bin/make -f &quot;/home/eranhe/eran/repo/track_racing/Makefile&quot;  VERBOSE=1 track_racing/fast"/>
					<CompileFile command="/usr/bin/make -f &quot;/home/eranhe/eran/repo/track_racing/Makefile&quot;  VERBOSE=1 &quot;$file&quot;"/>
					<Clean command="/usr/bin/make -f &quot;/home/eranhe/eran/repo/track_racing/Makefile&quot;  VERBOSE=1 clean"/>
					<DistClean command="/usr/bin/make -f &quot;/home/eranhe/eran/repo/track_racing/Makefile&quot;  VERBOSE=1 clean"/>
				</MakeCommands>
			</Target>
			<Target title="edit_cache">
				<Option working_dir="/home/eranhe/eran/repo/track_racing"/>
				<Option type="4"/>
				<MakeCommands>
					<Build command="/usr/bin/make -f &quot;/home/eranhe/eran/repo/track_racing/Makefile&quot;  VERBOSE=1 edit_cache"/>
					<CompileFile command="/usr/bin/make -f &quot;/home/eranhe/eran/repo/track_racing/Makefile&quot;  VERBOSE=1 &quot;$file&quot;"/>
					<Clean command="/usr/bin/make -f &quot;/home/eranhe/eran/repo/track_racing/Makefile&quot;  VERBOSE=1 clean"/>
					<DistClean command="/usr/bin/make -f &quot;/home/eranhe/eran/repo/track_racing/Makefile&quot;  VERBOSE=1 clean"/>
				</MakeCommands>
			</Target>
		</Build>
		<Unit filename="/home/eranhe/eran/repo/track_racing/Agent.cpp">
			<Option target="track_racing"/>
		</Unit>
		<Unit filename="/home/eranhe/eran/repo/track_racing/Game.cpp">
			<Option target="track_racing"/>
		</Unit>
		<Unit filename="/home/eranhe/eran/repo/track_racing/Grid.cpp">
			<Option target="track_racing"/>
		</Unit>
		<Unit filename="/home/eranhe/eran/repo/track_racing/MdpPlaner.cpp">
			<Option target="track_racing"/>
		</Unit>
		<Unit filename="/home/eranhe/eran/repo/track_racing/State.cpp">
			<Option target="track_racing"/>
		</Unit>
		<Unit filename="/home/eranhe/eran/repo/track_racing/headers/Abstract/AlgoRtdp.h">
			<Option target="track_racing"/>
		</Unit>
		<Unit filename="/home/eranhe/eran/repo/track_racing/headers/Abstract/FactoryAgent.hpp">
			<Option target="track_racing"/>
		</Unit>
		<Unit filename="/home/eranhe/eran/repo/track_racing/headers/Abstract/RealTimeSimulation.hpp">
			<Option target="track_racing"/>
		</Unit>
		<Unit filename="/home/eranhe/eran/repo/track_racing/headers/Abstract/Simulation.hpp">
			<Option target="track_racing"/>
		</Unit>
		<Unit filename="/home/eranhe/eran/repo/track_racing/headers/Abstract/abstractionDiv.h">
			<Option target="track_racing"/>
		</Unit>
		<Unit filename="/home/eranhe/eran/repo/track_racing/headers/Abstract/containerAbstract.h">
			<Option target="track_racing"/>
		</Unit>
		<Unit filename="/home/eranhe/eran/repo/track_racing/headers/Agent.hpp">
			<Option target="track_racing"/>
		</Unit>
		<Unit filename="/home/eranhe/eran/repo/track_racing/headers/Fix/AbsAgnet.hpp">
			<Option target="track_racing"/>
		</Unit>
		<Unit filename="/home/eranhe/eran/repo/track_racing/headers/Fix/Grid_Abs.h">
			<Option target="track_racing"/>
		</Unit>
		<Unit filename="/home/eranhe/eran/repo/track_racing/headers/Fix/Grid_transition.h">
			<Option target="track_racing"/>
		</Unit>
		<Unit filename="/home/eranhe/eran/repo/track_racing/headers/Fix/containerFix.hpp">
			<Option target="track_racing"/>
		</Unit>
		<Unit filename="/home/eranhe/eran/repo/track_racing/headers/Fix/fixAbstractLevel.hpp">
			<Option target="track_racing"/>
		</Unit>
		<Unit filename="/home/eranhe/eran/repo/track_racing/headers/Fix/fixManager.hpp">
			<Option target="track_racing"/>
		</Unit>
		<Unit filename="/home/eranhe/eran/repo/track_racing/headers/Fix/fixSimulation.hpp">
			<Option target="track_racing"/>
		</Unit>
		<Unit filename="/home/eranhe/eran/repo/track_racing/headers/Game.hpp">
			<Option target="track_racing"/>
		</Unit>
		<Unit filename="/home/eranhe/eran/repo/track_racing/headers/Grid.hpp">
			<Option target="track_racing"/>
		</Unit>
		<Unit filename="/home/eranhe/eran/repo/track_racing/headers/MdpPlaner.hpp">
			<Option target="track_racing"/>
		</Unit>
		<Unit filename="/home/eranhe/eran/repo/track_racing/headers/MultiAction/EvaluatorActionizer.hpp">
			<Option target="track_racing"/>
		</Unit>
		<Unit filename="/home/eranhe/eran/repo/track_racing/headers/MultiAction/MultiActionAgent.hpp">
			<Option target="track_racing"/>
		</Unit>
		<Unit filename="/home/eranhe/eran/repo/track_racing/headers/MultiAction/Scheduler.hpp">
			<Option target="track_racing"/>
		</Unit>
		<Unit filename="/home/eranhe/eran/repo/track_racing/headers/MultiAction/Simulator.hpp">
			<Option target="track_racing"/>
		</Unit>
		<Unit filename="/home/eranhe/eran/repo/track_racing/headers/MultiAction/SinglePath.hpp">
			<Option target="track_racing"/>
		</Unit>
		<Unit filename="/home/eranhe/eran/repo/track_racing/headers/MultiAction/StackAction.hpp">
			<Option target="track_racing"/>
		</Unit>
		<Unit filename="/home/eranhe/eran/repo/track_racing/headers/Policy/Attacker/ABpathFinder.hpp">
			<Option target="track_racing"/>
		</Unit>
		<Unit filename="/home/eranhe/eran/repo/track_racing/headers/Policy/Attacker/PathFinder.hpp">
			<Option target="track_racing"/>
		</Unit>
		<Unit filename="/home/eranhe/eran/repo/track_racing/headers/Policy/Attacker/PathGenrator.hpp">
			<Option target="track_racing"/>
		</Unit>
		<Unit filename="/home/eranhe/eran/repo/track_racing/headers/Policy/Attacker/StaticPolicy.hpp">
			<Option target="track_racing"/>
		</Unit>
		<Unit filename="/home/eranhe/eran/repo/track_racing/headers/Policy/Attacker/normalizer.h">
			<Option target="track_racing"/>
		</Unit>
		<Unit filename="/home/eranhe/eran/repo/track_racing/headers/Policy/Dog.hpp">
			<Option target="track_racing"/>
		</Unit>
		<Unit filename="/home/eranhe/eran/repo/track_racing/headers/Policy/PathPolicy.hpp">
			<Option target="track_racing"/>
		</Unit>
		<Unit filename="/home/eranhe/eran/repo/track_racing/headers/Policy/Policy.hpp">
			<Option target="track_racing"/>
		</Unit>
		<Unit filename="/home/eranhe/eran/repo/track_racing/headers/Policy/RTDP_util.cpp">
			<Option target="track_racing"/>
		</Unit>
		<Unit filename="/home/eranhe/eran/repo/track_racing/headers/Policy/RTDP_util.hpp">
			<Option target="track_racing"/>
		</Unit>
		<Unit filename="/home/eranhe/eran/repo/track_racing/headers/Policy/RtdpAlgo.cpp">
			<Option target="track_racing"/>
		</Unit>
		<Unit filename="/home/eranhe/eran/repo/track_racing/headers/Policy/RtdpAlgo.hpp">
			<Option target="track_racing"/>
		</Unit>
		<Unit filename="/home/eranhe/eran/repo/track_racing/headers/Policy/Update_RTDP/ActionExpnder.hpp">
			<Option target="track_racing"/>
		</Unit>
		<Unit filename="/home/eranhe/eran/repo/track_racing/headers/Policy/Update_RTDP/Evaluator.hpp">
			<Option target="track_racing"/>
		</Unit>
		<Unit filename="/home/eranhe/eran/repo/track_racing/headers/Policy/Update_RTDP/PathMapper.hpp">
			<Option target="track_racing"/>
		</Unit>
		<Unit filename="/home/eranhe/eran/repo/track_racing/headers/Policy/Update_RTDP/Reward.hpp">
			<Option target="track_racing"/>
		</Unit>
		<Unit filename="/home/eranhe/eran/repo/track_racing/headers/Policy/Update_RTDP/RollBackUpdate.hpp">
			<Option target="track_racing"/>
		</Unit>
		<Unit filename="/home/eranhe/eran/repo/track_racing/headers/Policy/Update_RTDP/Vanilla.hpp">
			<Option target="track_racing"/>
		</Unit>
		<Unit filename="/home/eranhe/eran/repo/track_racing/headers/Policy/valueIter.h">
			<Option target="track_racing"/>
		</Unit>
		<Unit filename="/home/eranhe/eran/repo/track_racing/headers/State.hpp">
			<Option target="track_racing"/>
		</Unit>
		<Unit filename="/home/eranhe/eran/repo/track_racing/headers/Transition.hpp">
			<Option target="track_racing"/>
		</Unit>
		<Unit filename="/home/eranhe/eran/repo/track_racing/headers/Trees/Tree.hpp">
			<Option target="track_racing"/>
		</Unit>
		<Unit filename="/home/eranhe/eran/repo/track_racing/headers/graph/graph_dummy.hpp">
			<Option target="track_racing"/>
		</Unit>
		<Unit filename="/home/eranhe/eran/repo/track_racing/headers/graph/graph_util.hpp">
			<Option target="track_racing"/>
		</Unit>
		<Unit filename="/home/eranhe/eran/repo/track_racing/headers/learning/DeepRTDP.h">
			<Option target="track_racing"/>
		</Unit>
		<Unit filename="/home/eranhe/eran/repo/track_racing/headers/learning/FeatureGen.h">
			<Option target="track_racing"/>
		</Unit>
		<Unit filename="/home/eranhe/eran/repo/track_racing/headers/learning/Learner.h">
			<Option target="track_racing"/>
		</Unit>
		<Unit filename="/home/eranhe/eran/repo/track_racing/headers/learning/MCTS/UCT.hpp">
			<Option target="track_racing"/>
		</Unit>
		<Unit filename="/home/eranhe/eran/repo/track_racing/headers/learning/Networks/DQN.hpp">
			<Option target="track_racing"/>
		</Unit>
		<Unit filename="/home/eranhe/eran/repo/track_racing/headers/learning/Networks/FF_net.hpp">
			<Option target="track_racing"/>
		</Unit>
		<Unit filename="/home/eranhe/eran/repo/track_racing/headers/learning/Networks/Noisy.hpp">
			<Option target="track_racing"/>
		</Unit>
		<Unit filename="/home/eranhe/eran/repo/track_racing/headers/learning/ReplayBuffer/Featuerzer.hpp">
			<Option target="track_racing"/>
		</Unit>
		<Unit filename="/home/eranhe/eran/repo/track_racing/headers/learning/ReplayBuffer/ReplyBuff.hpp">
			<Option target="track_racing"/>
		</Unit>
		<Unit filename="/home/eranhe/eran/repo/track_racing/headers/learning/ReplayBuffer/TreeSum.hpp">
			<Option target="track_racing"/>
		</Unit>
		<Unit filename="/home/eranhe/eran/repo/track_racing/headers/learning/ReplayBuffer/prioritizedExperienceReplay.hpp">
			<Option target="track_racing"/>
		</Unit>
		<Unit filename="/home/eranhe/eran/repo/track_racing/headers/learning/Trainer.hpp">
			<Option target="track_racing"/>
		</Unit>
		<Unit filename="/home/eranhe/eran/repo/track_racing/headers/learning/neuralNet.h">
			<Option target="track_racing"/>
		</Unit>
		<Unit filename="/home/eranhe/eran/repo/track_racing/headers/serach/Astar.cpp">
			<Option target="track_racing"/>
		</Unit>
		<Unit filename="/home/eranhe/eran/repo/track_racing/headers/serach/Astar.hpp">
			<Option target="track_racing"/>
		</Unit>
		<Unit filename="/home/eranhe/eran/repo/track_racing/headers/util/Configer.h">
			<Option target="track_racing"/>
		</Unit>
		<Unit filename="/home/eranhe/eran/repo/track_racing/headers/util/Lookhead.h">
			<Option target="track_racing"/>
		</Unit>
		<Unit filename="/home/eranhe/eran/repo/track_racing/headers/util/Rand.hpp">
			<Option target="track_racing"/>
		</Unit>
		<Unit filename="/home/eranhe/eran/repo/track_racing/headers/util/csvfile.hpp">
			<Option target="track_racing"/>
		</Unit>
		<Unit filename="/home/eranhe/eran/repo/track_racing/headers/util/saver.hpp">
			<Option target="track_racing"/>
		</Unit>
		<Unit filename="/home/eranhe/eran/repo/track_racing/headers/util/utilClass.hpp">
			<Option target="track_racing"/>
		</Unit>
		<Unit filename="/home/eranhe/eran/repo/track_racing/headers/util_game.hpp">
			<Option target="track_racing"/>
		</Unit>
		<Unit filename="/home/eranhe/eran/repo/track_racing/main.cpp">
			<Option target="track_racing"/>
		</Unit>
		<Unit filename="/home/eranhe/eran/repo/track_racing/util_game.cpp">
			<Option target="track_racing"/>
		</Unit>
		<Unit filename="/home/eranhe/eran/repo/track_racing/CMakeLists.txt">
			<Option virtualFolder="CMake Files\"/>
		</Unit>
		<Unit filename="/home/eranhe/eran/repo/track_racing/../../../programs/torch/libtorch/share/cmake/Torch/TorchConfig.cmake">
			<Option virtualFolder="CMake Files\..\..\..\programs\torch\libtorch\share\cmake\Torch\"/>
		</Unit>
		<Unit filename="/home/eranhe/eran/repo/track_racing/../../../programs/torch/libtorch/share/cmake/Torch/TorchConfigVersion.cmake">
			<Option virtualFolder="CMake Files\..\..\..\programs\torch\libtorch\share\cmake\Torch\"/>
		</Unit>
		<Unit filename="/home/eranhe/eran/repo/track_racing/../../../programs/torch/libtorch/share/cmake/Caffe2/Caffe2Config.cmake">
			<Option virtualFolder="CMake Files\..\..\..\programs\torch\libtorch\share\cmake\Caffe2\"/>
		</Unit>
		<Unit filename="/home/eranhe/eran/repo/track_racing/../../../programs/torch/libtorch/share/cmake/Caffe2/Caffe2ConfigVersion.cmake">
			<Option virtualFolder="CMake Files\..\..\..\programs\torch\libtorch\share\cmake\Caffe2\"/>
		</Unit>
		<Unit filename="/home/eranhe/eran/repo/track_racing/../../../programs/torch/libtorch/share/cmake/Caffe2/Caffe2Targets-release.cmake">
			<Option virtualFolder="CMake Files\..\..\..\programs\torch\libtorch\share\cmake\Caffe2\"/>
		</Unit>
		<Unit filename="/home/eranhe/eran/repo/track_racing/../../../programs/torch/libtorch/share/cmake/Caffe2/Caffe2Targets.cmake">
			<Option virtualFolder="CMake Files\..\..\..\programs\torch\libtorch\share\cmake\Caffe2\"/>
		</Unit>
		<Unit filename="/home/eranhe/eran/repo/track_racing/../../../programs/torch/libtorch/share/cmake/Caffe2/public/mkl.cmake">
			<Option virtualFolder="CMake Files\..\..\..\programs\torch\libtorch\share\cmake\Caffe2\public\"/>
		</Unit>
		<Unit filename="/home/eranhe/eran/repo/track_racing/../../../programs/torch/libtorch/share/cmake/Caffe2/public/mkldnn.cmake">
			<Option virtualFolder="CMake Files\..\..\..\programs\torch\libtorch\share\cmake\Caffe2\public\"/>
		</Unit>
		<Unit filename="/home/eranhe/eran/repo/track_racing/../../../programs/torch/libtorch/share/cmake/Caffe2/public/threads.cmake">
			<Option virtualFolder="CMake Files\..\..\..\programs\torch\libtorch\share\cmake\Caffe2\public\"/>
		</Unit>
		<Unit filename="/home/eranhe/eran/repo/track_racing/../../../programs/torch/libtorch/share/cmake/Caffe2/public/utils.cmake">
			<Option virtualFolder="CMake Files\..\..\..\programs\torch\libtorch\share\cmake\Caffe2\public\"/>
		</Unit>
	</Project>
</CodeBlocks_project_file>
